
Microsoft Visual Studio Solution File, Format Version 12.00
# Visual Studio 15
VisualStudioVersion = 15.0.28307.271
MinimumVisualStudioVersion = 10.0.40219.1
Project("{FAE04EC0-301F-11D3-BF4B-00C04F79EFBC}") = "WorkingWithFiles", "WorkingWithFiles\WorkingWithFiles.csproj", "{E7904B01-5DC0-4C93-932A-CF0C8966A456}"
EndProject
Global
	GlobalSection(SolutionConfigurationPlatforms) = preSolution
		Debug|Any CPU = Debug|Any CPU
		Release|Any CPU = Release|Any CPU
	EndGlobalSection
	GlobalSection(ProjectConfigurationPlatforms) = postSolution
		{E7904B01-5DC0-4C93-932A-CF0C8966A456}.Debug|Any CPU.ActiveCfg = Debug|Any CPU
		{E7904B01-5DC0-4C93-932A-CF0C8966A456}.Debug|Any CPU.Build.0 = Debug|Any CPU
		{E7904B01-5DC0-4C93-932A-CF0C8966A456}.Release|Any CPU.ActiveCfg = Release|Any CPU
		{E7904B01-5DC0-4C93-932A-CF0C8966A456}.Release|Any CPU.Build.0 = Release|Any CPU
	EndGlobalSection
	GlobalSection(SolutionProperties) = preSolution
		HideSolutionNode = FALSE
	EndGlobalSection
	GlobalSection(ExtensibilityGlobals) = postSolution
		SolutionGuid = {5A26EB8B-CADE-4455-8EEA-3F29A8494E6A}
	EndGlobalSection
EndGlobal
