
Microsoft Visual Studio Solution File, Format Version 12.00
# Visual Studio 15
VisualStudioVersion = 15.0.28307.271
MinimumVisualStudioVersion = 10.0.40219.1
Project("{FAE04EC0-301F-11D3-BF4B-00C04F79EFBC}") = "WorkflowEngine", "WorkflowEngine\WorkflowEngine.csproj", "{F20EEF94-3B4E-49D6-B823-C84FE559C728}"
EndProject
Global
	GlobalSection(SolutionConfigurationPlatforms) = preSolution
		Debug|Any CPU = Debug|Any CPU
		Release|Any CPU = Release|Any CPU
	EndGlobalSection
	GlobalSection(ProjectConfigurationPlatforms) = postSolution
		{F20EEF94-3B4E-49D6-B823-C84FE559C728}.Debug|Any CPU.ActiveCfg = Debug|Any CPU
		{F20EEF94-3B4E-49D6-B823-C84FE559C728}.Debug|Any CPU.Build.0 = Debug|Any CPU
		{F20EEF94-3B4E-49D6-B823-C84FE559C728}.Release|Any CPU.ActiveCfg = Release|Any CPU
		{F20EEF94-3B4E-49D6-B823-C84FE559C728}.Release|Any CPU.Build.0 = Release|Any CPU
	EndGlobalSection
	GlobalSection(SolutionProperties) = preSolution
		HideSolutionNode = FALSE
	EndGlobalSection
	GlobalSection(ExtensibilityGlobals) = postSolution
		SolutionGuid = {8AAE4A20-43A2-4FE2-8826-5D93F7D4695F}
	EndGlobalSection
EndGlobal
